{
  "nodes": {
    "nixpkgs": {
      "locked": {
        "lastModified": 1781577229,
        "narHash": "sha256-lrp67w8AulE9Ks53n27I45ADSzbOCn4H+CNW1Ck8B+8=",
        "owner": "nixos",
        "repo": "nixpkgs",
        "rev": "567a49d1913ce81ac6e9582e3553dd90a955875f",
        "type": "github"
      },
      "original": {
        "owner": "nixos",
        "ref": "nixos-unstable",
        "repo": "nixpkgs",
        "type": "github"
      }
    },
    "root": {
      "inputs": {
        "nixpkgs": "nixpkgs",
        "testAuditor": "testAuditor"
      }
    },
    "testAuditor": {
      "inputs": {
        "nixpkgs": [
          "nixpkgs"
        ]
      },
      "locked": {
        "lastModified": 1782388501,
        "narHash": "sha256-AoSMR+UAOc3ZKDMEuVkelUt6+anKG5f2sC36Wid7Zsc=",
        "owner": "Zip-creations",
        "repo": "testAuditor",
        "rev": "0b37737ed24b6ff88d7876add56dd4fc71fcaa11",
        "type": "github"
      },
      "original": {
        "owner": "Zip-creations",
        "repo": "testAuditor",
        "type": "github"
      }
    }
  },
  "root": "root",
  "version": 7
}
